
Microsoft Visual Studio Solution File, Format Version 12.00
# Visual Studio 15
VisualStudioVersion = 15.0.26730.3
MinimumVisualStudioVersion = 10.0.40219.1
Project("{FAE04EC0-301F-11D3-BF4B-00C04F79EFBC}") = "Aula1AspNetMVC", "Aula1AspNetMVC\Aula1AspNetMVC.csproj", "{AA5A9785-A71D-419C-BE8F-D3CF068F1002}"
EndProject
Global
	GlobalSection(SolutionConfigurationPlatforms) = preSolution
		Debug|Any CPU = Debug|Any CPU
		Release|Any CPU = Release|Any CPU
	EndGlobalSection
	GlobalSection(ProjectConfigurationPlatforms) = postSolution
		{AA5A9785-A71D-419C-BE8F-D3CF068F1002}.Debug|Any CPU.ActiveCfg = Debug|Any CPU
		{AA5A9785-A71D-419C-BE8F-D3CF068F1002}.Debug|Any CPU.Build.0 = Debug|Any CPU
		{AA5A9785-A71D-419C-BE8F-D3CF068F1002}.Release|Any CPU.ActiveCfg = Release|Any CPU
		{AA5A9785-A71D-419C-BE8F-D3CF068F1002}.Release|Any CPU.Build.0 = Release|Any CPU
	EndGlobalSection
	GlobalSection(SolutionProperties) = preSolution
		HideSolutionNode = FALSE
	EndGlobalSection
	GlobalSection(ExtensibilityGlobals) = postSolution
		SolutionGuid = {09CE8DB5-8569-4DFC-9AE1-4056EF1B1AF1}
	EndGlobalSection
EndGlobal
